<?xml version="1.0" encoding="UTF-8" standalone="yes" ?>
<CodeBlocks_project_file>
	<FileVersion major="1" minor="6" />
	<Project>
		<Option title="charlotte" />
		<Option pch_mode="2" />
		<Option compiler="gcc" />
		<Build>
			<Target title="Debug">
				<Option output="bin/Debug/charlotte" prefix_auto="1" extension_auto="1" />
				<Option object_output="obj/Debug/" />
				<Option type="1" />
				<Option compiler="gcc" />
				<Compiler>
					<Add option="-std=gnu++17" />
					<Add option="-g" />
					<Add directory="include" />
				</Compiler>
				<Linker>
					<Add library="wiringPi" />
					<Add library="wiringPiDev" />
				</Linker>
			</Target>
			<Target title="Release">
				<Option output="bin/Release/charlotte" prefix_auto="1" extension_auto="1" />
				<Option object_output="obj/Release/" />
				<Option type="1" />
				<Option compiler="gcc" />
				<Compiler>
					<Add option="-O2" />
					<Add directory="include" />
				</Compiler>
				<Linker>
					<Add option="-s" />
				</Linker>
			</Target>
		</Build>
		<Compiler>
			<Add option="-Wall" />
			<Add option="-fexceptions" />
		</Compiler>
		<Unit filename="include/ASCII.h" />
		<Unit filename="include/Age.h" />
		<Unit filename="include/Application.h" />
		<Unit filename="include/Button.h" />
		<Unit filename="include/Buzzer.h" />
		<Unit filename="include/CPP." />
		<Unit filename="include/CPP.h" />
		<Unit filename="include/End.h" />
		<Unit filename="include/GreenLight.h" />
		<Unit filename="include/LCD.h" />
		<Unit filename="include/LED.h" />
		<Unit filename="include/Letter.h" />
		<Unit filename="include/Mbappe.h" />
		<Unit filename="include/Memory.h" />
		<Unit filename="include/Morse.h" />
		<Unit filename="include/Museum.h" />
		<Unit filename="include/Poetry.h" />
		<Unit filename="include/Potentiometer.h" />
		<Unit filename="include/Rotary.h" />
		<Unit filename="include/SPP." />
		<Unit filename="include/SPP.h" />
		<Unit filename="include/Step.h" />
		<Unit filename="include/types.h" />
		<Unit filename="main.cpp" />
		<Unit filename="src/ASCII.cpp" />
		<Unit filename="src/Age.cpp" />
		<Unit filename="src/Application.cpp" />
		<Unit filename="src/Button.cpp" />
		<Unit filename="src/Buzzer.cpp" />
		<Unit filename="src/CPP." />
		<Unit filename="src/CPP.cpp" />
		<Unit filename="src/End.cpp" />
		<Unit filename="src/GreenLight.cpp" />
		<Unit filename="src/LCD.cpp" />
		<Unit filename="src/LED.cpp" />
		<Unit filename="src/Letter.cpp" />
		<Unit filename="src/Mbappe.cpp" />
		<Unit filename="src/Memory.cpp" />
		<Unit filename="src/Morse.cpp" />
		<Unit filename="src/Museum.cpp" />
		<Unit filename="src/Poetry.cpp" />
		<Unit filename="src/Potentiometer.cpp" />
		<Unit filename="src/Rotary.cpp" />
		<Unit filename="src/SPP." />
		<Unit filename="src/SPP.cpp" />
		<Unit filename="src/Step.cpp" />
		<Extensions />
	</Project>
</CodeBlocks_project_file>
